PODS:
  - boost-for-react-native (1.63.0)
  - DoubleConversion (1.1.6)
  - EXAppLoaderProvider (8.0.0)
  - EXConstants (9.0.0):
    - UMConstantsInterface
    - UMCore
  - EXErrorRecovery (1.0.0):
    - UMCore
  - FBLazyVector (0.62.0-rc.3)
  - FBReactNativeSpec (0.62.0-rc.3):
    - Folly (= 2018.10.22.00)
    - RCTRequired (= 0.62.0-rc.3)
    - RCTTypeSafety (= 0.62.0-rc.3)
    - React-Core (= 0.62.0-rc.3)
    - React-jsi (= 0.62.0-rc.3)
    - ReactCommon/turbomodule/core (= 0.62.0-rc.3)
  - Folly (2018.10.22.00):
    - boost-for-react-native
    - DoubleConversion
    - Folly/Default (= 2018.10.22.00)
    - glog
  - Folly/Default (2018.10.22.00):
    - boost-for-react-native
    - DoubleConversion
    - glog
  - glog (0.3.5)
  - RCTRequired (0.62.0-rc.3)
  - RCTTypeSafety (0.62.0-rc.3):
    - FBLazyVector (= 0.62.0-rc.3)
    - Folly (= 2018.10.22.00)
    - RCTRequired (= 0.62.0-rc.3)
    - React-Core (= 0.62.0-rc.3)
  - React (0.62.0-rc.3):
    - React-Core (= 0.62.0-rc.3)
    - React-Core/DevSupport (= 0.62.0-rc.3)
    - React-Core/RCTWebSocket (= 0.62.0-rc.3)
    - React-RCTActionSheet (= 0.62.0-rc.3)
    - React-RCTAnimation (= 0.62.0-rc.3)
    - React-RCTBlob (= 0.62.0-rc.3)
    - React-RCTImage (= 0.62.0-rc.3)
    - React-RCTLinking (= 0.62.0-rc.3)
    - React-RCTNetwork (= 0.62.0-rc.3)
    - React-RCTSettings (= 0.62.0-rc.3)
    - React-RCTText (= 0.62.0-rc.3)
    - React-RCTVibration (= 0.62.0-rc.3)
  - React-Core (0.62.0-rc.3):
    - Folly (= 2018.10.22.00)
    - glog
    - React-Core/Default (= 0.62.0-rc.3)
    - React-cxxreact (= 0.62.0-rc.3)
    - React-jsi (= 0.62.0-rc.3)
    - React-jsiexecutor (= 0.62.0-rc.3)
    - Yoga
  - React-Core/CoreModulesHeaders (0.62.0-rc.3):
    - Folly (= 2018.10.22.00)
    - glog
    - React-Core/Default
    - React-cxxreact (= 0.62.0-rc.3)
    - React-jsi (= 0.62.0-rc.3)
    - React-jsiexecutor (= 0.62.0-rc.3)
    - Yoga
  - React-Core/Default (0.62.0-rc.3):
    - Folly (= 2018.10.22.00)
    - glog
    - React-cxxreact (= 0.62.0-rc.3)
    - React-jsi (= 0.62.0-rc.3)
    - React-jsiexecutor (= 0.62.0-rc.3)
    - Yoga
  - React-Core/DevSupport (0.62.0-rc.3):
    - Folly (= 2018.10.22.00)
    - glog
    - React-Core/Default (= 0.62.0-rc.3)
    - React-Core/RCTWebSocket (= 0.62.0-rc.3)
    - React-cxxreact (= 0.62.0-rc.3)
    - React-jsi (= 0.62.0-rc.3)
    - React-jsiexecutor (= 0.62.0-rc.3)
    - React-jsinspector (= 0.62.0-rc.3)
    - Yoga
  - React-Core/RCTActionSheetHeaders (0.62.0-rc.3):
    - Folly (= 2018.10.22.00)
    - glog
    - React-Core/Default
    - React-cxxreact (= 0.62.0-rc.3)
    - React-jsi (= 0.62.0-rc.3)
    - React-jsiexecutor (= 0.62.0-rc.3)
    - Yoga
  - React-Core/RCTAnimationHeaders (0.62.0-rc.3):
    - Folly (= 2018.10.22.00)
    - glog
    - React-Core/Default
    - React-cxxreact (= 0.62.0-rc.3)
    - React-jsi (= 0.62.0-rc.3)
    - React-jsiexecutor (= 0.62.0-rc.3)
    - Yoga
  - React-Core/RCTBlobHeaders (0.62.0-rc.3):
    - Folly (= 2018.10.22.00)
    - glog
    - React-Core/Default
    - React-cxxreact (= 0.62.0-rc.3)
    - React-jsi (= 0.62.0-rc.3)
    - React-jsiexecutor (= 0.62.0-rc.3)
    - Yoga
  - React-Core/RCTImageHeaders (0.62.0-rc.3):
    - Folly (= 2018.10.22.00)
    - glog
    - React-Core/Default
    - React-cxxreact (= 0.62.0-rc.3)
    - React-jsi (= 0.62.0-rc.3)
    - React-jsiexecutor (= 0.62.0-rc.3)
    - Yoga
  - React-Core/RCTLinkingHeaders (0.62.0-rc.3):
    - Folly (= 2018.10.22.00)
    - glog
    - React-Core/Default
    - React-cxxreact (= 0.62.0-rc.3)
    - React-jsi (= 0.62.0-rc.3)
    - React-jsiexecutor (= 0.62.0-rc.3)
    - Yoga
  - React-Core/RCTNetworkHeaders (0.62.0-rc.3):
    - Folly (= 2018.10.22.00)
    - glog
    - React-Core/Default
    - React-cxxreact (= 0.62.0-rc.3)
    - React-jsi (= 0.62.0-rc.3)
    - React-jsiexecutor (= 0.62.0-rc.3)
    - Yoga
  - React-Core/RCTSettingsHeaders (0.62.0-rc.3):
    - Folly (= 2018.10.22.00)
    - glog
    - React-Core/Default
    - React-cxxreact (= 0.62.0-rc.3)
    - React-jsi (= 0.62.0-rc.3)
    - React-jsiexecutor (= 0.62.0-rc.3)
    - Yoga
  - React-Core/RCTTextHeaders (0.62.0-rc.3):
    - Folly (= 2018.10.22.00)
    - glog
    - React-Core/Default
    - React-cxxreact (= 0.62.0-rc.3)
    - React-jsi (= 0.62.0-rc.3)
    - React-jsiexecutor (= 0.62.0-rc.3)
    - Yoga
  - React-Core/RCTVibrationHeaders (0.62.0-rc.3):
    - Folly (= 2018.10.22.00)
    - glog
    - React-Core/Default
    - React-cxxreact (= 0.62.0-rc.3)
    - React-jsi (= 0.62.0-rc.3)
    - React-jsiexecutor (= 0.62.0-rc.3)
    - Yoga
  - React-Core/RCTWebSocket (0.62.0-rc.3):
    - Folly (= 2018.10.22.00)
    - glog
    - React-Core/Default (= 0.62.0-rc.3)
    - React-cxxreact (= 0.62.0-rc.3)
    - React-jsi (= 0.62.0-rc.3)
    - React-jsiexecutor (= 0.62.0-rc.3)
    - Yoga
  - React-CoreModules (0.62.0-rc.3):
    - FBReactNativeSpec (= 0.62.0-rc.3)
    - Folly (= 2018.10.22.00)
    - RCTTypeSafety (= 0.62.0-rc.3)
    - React-Core/CoreModulesHeaders (= 0.62.0-rc.3)
    - React-RCTImage (= 0.62.0-rc.3)
    - ReactCommon/turbomodule/core (= 0.62.0-rc.3)
  - React-cxxreact (0.62.0-rc.3):
    - boost-for-react-native (= 1.63.0)
    - DoubleConversion
    - Folly (= 2018.10.22.00)
    - glog
    - React-jsinspector (= 0.62.0-rc.3)
  - React-jsi (0.62.0-rc.3):
    - boost-for-react-native (= 1.63.0)
    - DoubleConversion
    - Folly (= 2018.10.22.00)
    - glog
    - React-jsi/Default (= 0.62.0-rc.3)
  - React-jsi/Default (0.62.0-rc.3):
    - boost-for-react-native (= 1.63.0)
    - DoubleConversion
    - Folly (= 2018.10.22.00)
    - glog
  - React-jsiexecutor (0.62.0-rc.3):
    - DoubleConversion
    - Folly (= 2018.10.22.00)
    - glog
    - React-cxxreact (= 0.62.0-rc.3)
    - React-jsi (= 0.62.0-rc.3)
  - React-jsinspector (0.62.0-rc.3)
  - React-RCTActionSheet (0.62.0-rc.3):
    - React-Core/RCTActionSheetHeaders (= 0.62.0-rc.3)
  - React-RCTAnimation (0.62.0-rc.3):
    - FBReactNativeSpec (= 0.62.0-rc.3)
    - Folly (= 2018.10.22.00)
    - RCTTypeSafety (= 0.62.0-rc.3)
    - React-Core/RCTAnimationHeaders (= 0.62.0-rc.3)
    - ReactCommon/turbomodule/core (= 0.62.0-rc.3)
  - React-RCTBlob (0.62.0-rc.3):
    - FBReactNativeSpec (= 0.62.0-rc.3)
    - Folly (= 2018.10.22.00)
    - React-Core/RCTBlobHeaders (= 0.62.0-rc.3)
    - React-Core/RCTWebSocket (= 0.62.0-rc.3)
    - React-jsi (= 0.62.0-rc.3)
    - React-RCTNetwork (= 0.62.0-rc.3)
    - ReactCommon/turbomodule/core (= 0.62.0-rc.3)
  - React-RCTImage (0.62.0-rc.3):
    - FBReactNativeSpec (= 0.62.0-rc.3)
    - Folly (= 2018.10.22.00)
    - RCTTypeSafety (= 0.62.0-rc.3)
    - React-Core/RCTImageHeaders (= 0.62.0-rc.3)
    - React-RCTNetwork (= 0.62.0-rc.3)
    - ReactCommon/turbomodule/core (= 0.62.0-rc.3)
  - React-RCTLinking (0.62.0-rc.3):
    - FBReactNativeSpec (= 0.62.0-rc.3)
    - React-Core/RCTLinkingHeaders (= 0.62.0-rc.3)
    - ReactCommon/turbomodule/core (= 0.62.0-rc.3)
  - React-RCTNetwork (0.62.0-rc.3):
    - FBReactNativeSpec (= 0.62.0-rc.3)
    - Folly (= 2018.10.22.00)
    - RCTTypeSafety (= 0.62.0-rc.3)
    - React-Core/RCTNetworkHeaders (= 0.62.0-rc.3)
    - ReactCommon/turbomodule/core (= 0.62.0-rc.3)
  - React-RCTSettings (0.62.0-rc.3):
    - FBReactNativeSpec (= 0.62.0-rc.3)
    - Folly (= 2018.10.22.00)
    - RCTTypeSafety (= 0.62.0-rc.3)
    - React-Core/RCTSettingsHeaders (= 0.62.0-rc.3)
    - ReactCommon/turbomodule/core (= 0.62.0-rc.3)
  - React-RCTText (0.62.0-rc.3):
    - React-Core/RCTTextHeaders (= 0.62.0-rc.3)
  - React-RCTVibration (0.62.0-rc.3):
    - FBReactNativeSpec (= 0.62.0-rc.3)
    - Folly (= 2018.10.22.00)
    - React-Core/RCTVibrationHeaders (= 0.62.0-rc.3)
    - ReactCommon/turbomodule/core (= 0.62.0-rc.3)
  - ReactCommon/callinvoker (0.62.0-rc.3):
    - DoubleConversion
    - Folly (= 2018.10.22.00)
    - glog
    - React-cxxreact (= 0.62.0-rc.3)
  - ReactCommon/turbomodule/core (0.62.0-rc.3):
    - DoubleConversion
    - Folly (= 2018.10.22.00)
    - glog
    - React-Core (= 0.62.0-rc.3)
    - React-cxxreact (= 0.62.0-rc.3)
    - React-jsi (= 0.62.0-rc.3)
    - ReactCommon/callinvoker (= 0.62.0-rc.3)
  - UMAppLoader (1.0.0)
  - UMBarCodeScannerInterface (5.1.0)
  - UMCameraInterface (5.1.0)
  - UMConstantsInterface (5.1.0)
  - UMCore (5.1.0)
  - UMFaceDetectorInterface (5.1.0)
  - UMFileSystemInterface (5.1.0)
  - UMFontInterface (5.1.0)
  - UMImageLoaderInterface (5.1.0)
  - UMPermissionsInterface (5.1.0):
    - UMCore
  - UMReactNativeAdapter (5.1.1):
    - React-Core
    - UMCore
    - UMFontInterface
  - UMSensorsInterface (5.1.0)
  - UMTaskManagerInterface (5.1.0)
  - Yoga (1.14.0)

DEPENDENCIES:
  - DoubleConversion (from `../node_modules/react-native/third-party-podspecs/DoubleConversion.podspec`)
  - EXAppLoaderProvider (from `../../node_modules/expo-app-loader-provider/ios`)
  - EXConstants (from `../../node_modules/react-native-unimodules/node_modules/expo-constants/ios`)
  - EXErrorRecovery (from `../../node_modules/expo-error-recovery/ios`)
  - FBLazyVector (from `../node_modules/react-native/Libraries/FBLazyVector`)
  - FBReactNativeSpec (from `../node_modules/react-native/Libraries/FBReactNativeSpec`)
  - Folly (from `../node_modules/react-native/third-party-podspecs/Folly.podspec`)
  - glog (from `../node_modules/react-native/third-party-podspecs/glog.podspec`)
  - RCTRequired (from `../node_modules/react-native/Libraries/RCTRequired`)
  - RCTTypeSafety (from `../node_modules/react-native/Libraries/TypeSafety`)
  - React (from `../node_modules/react-native/`)
  - React-Core (from `../node_modules/react-native/`)
  - React-Core/DevSupport (from `../node_modules/react-native/`)
  - React-Core/RCTWebSocket (from `../node_modules/react-native/`)
  - React-CoreModules (from `../node_modules/react-native/React/CoreModules`)
  - React-cxxreact (from `../node_modules/react-native/ReactCommon/cxxreact`)
  - React-jsi (from `../node_modules/react-native/ReactCommon/jsi`)
  - React-jsiexecutor (from `../node_modules/react-native/ReactCommon/jsiexecutor`)
  - React-jsinspector (from `../node_modules/react-native/ReactCommon/jsinspector`)
  - React-RCTActionSheet (from `../node_modules/react-native/Libraries/ActionSheetIOS`)
  - React-RCTAnimation (from `../node_modules/react-native/Libraries/NativeAnimation`)
  - React-RCTBlob (from `../node_modules/react-native/Libraries/Blob`)
  - React-RCTImage (from `../node_modules/react-native/Libraries/Image`)
  - React-RCTLinking (from `../node_modules/react-native/Libraries/LinkingIOS`)
  - React-RCTNetwork (from `../node_modules/react-native/Libraries/Network`)
  - React-RCTSettings (from `../node_modules/react-native/Libraries/Settings`)
  - React-RCTText (from `../node_modules/react-native/Libraries/Text`)
  - React-RCTVibration (from `../node_modules/react-native/Libraries/Vibration`)
  - ReactCommon/callinvoker (from `../node_modules/react-native/ReactCommon`)
  - ReactCommon/turbomodule/core (from `../node_modules/react-native/ReactCommon`)
  - UMAppLoader (from `../../node_modules/unimodules-app-loader/ios`)
  - UMBarCodeScannerInterface (from `../../node_modules/react-native-unimodules/node_modules/unimodules-barcode-scanner-interface/ios`)
  - UMCameraInterface (from `../../node_modules/react-native-unimodules/node_modules/unimodules-camera-interface/ios`)
  - UMConstantsInterface (from `../../node_modules/react-native-unimodules/node_modules/unimodules-constants-interface/ios`)
  - "UMCore (from `../../node_modules/react-native-unimodules/node_modules/@unimodules/core/ios`)"
  - UMFaceDetectorInterface (from `../../node_modules/react-native-unimodules/node_modules/unimodules-face-detector-interface/ios`)
  - UMFileSystemInterface (from `../../node_modules/react-native-unimodules/node_modules/unimodules-file-system-interface/ios`)
  - UMFontInterface (from `../../node_modules/react-native-unimodules/node_modules/unimodules-font-interface/ios`)
  - UMImageLoaderInterface (from `../../node_modules/react-native-unimodules/node_modules/unimodules-image-loader-interface/ios`)
  - UMPermissionsInterface (from `../../node_modules/react-native-unimodules/node_modules/unimodules-permissions-interface/ios`)
  - "UMReactNativeAdapter (from `../../node_modules/react-native-unimodules/node_modules/@unimodules/react-native-adapter/ios`)"
  - UMSensorsInterface (from `../../node_modules/react-native-unimodules/node_modules/unimodules-sensors-interface/ios`)
  - UMTaskManagerInterface (from `../../node_modules/react-native-unimodules/node_modules/unimodules-task-manager-interface/ios`)
  - Yoga (from `../node_modules/react-native/ReactCommon/yoga`)

SPEC REPOS:
  trunk:
    - boost-for-react-native

EXTERNAL SOURCES:
  DoubleConversion:
    :podspec: "../node_modules/react-native/third-party-podspecs/DoubleConversion.podspec"
  EXAppLoaderProvider:
    :path: "../../node_modules/expo-app-loader-provider/ios"
  EXConstants:
    :path: "../../node_modules/react-native-unimodules/node_modules/expo-constants/ios"
  EXErrorRecovery:
    :path: "../../node_modules/expo-error-recovery/ios"
  FBLazyVector:
    :path: "../node_modules/react-native/Libraries/FBLazyVector"
  FBReactNativeSpec:
    :path: "../node_modules/react-native/Libraries/FBReactNativeSpec"
  Folly:
    :podspec: "../node_modules/react-native/third-party-podspecs/Folly.podspec"
  glog:
    :podspec: "../node_modules/react-native/third-party-podspecs/glog.podspec"
  RCTRequired:
    :path: "../node_modules/react-native/Libraries/RCTRequired"
  RCTTypeSafety:
    :path: "../node_modules/react-native/Libraries/TypeSafety"
  React:
    :path: "../node_modules/react-native/"
  React-Core:
    :path: "../node_modules/react-native/"
  React-CoreModules:
    :path: "../node_modules/react-native/React/CoreModules"
  React-cxxreact:
    :path: "../node_modules/react-native/ReactCommon/cxxreact"
  React-jsi:
    :path: "../node_modules/react-native/ReactCommon/jsi"
  React-jsiexecutor:
    :path: "../node_modules/react-native/ReactCommon/jsiexecutor"
  React-jsinspector:
    :path: "../node_modules/react-native/ReactCommon/jsinspector"
  React-RCTActionSheet:
    :path: "../node_modules/react-native/Libraries/ActionSheetIOS"
  React-RCTAnimation:
    :path: "../node_modules/react-native/Libraries/NativeAnimation"
  React-RCTBlob:
    :path: "../node_modules/react-native/Libraries/Blob"
  React-RCTImage:
    :path: "../node_modules/react-native/Libraries/Image"
  React-RCTLinking:
    :path: "../node_modules/react-native/Libraries/LinkingIOS"
  React-RCTNetwork:
    :path: "../node_modules/react-native/Libraries/Network"
  React-RCTSettings:
    :path: "../node_modules/react-native/Libraries/Settings"
  React-RCTText:
    :path: "../node_modules/react-native/Libraries/Text"
  React-RCTVibration:
    :path: "../node_modules/react-native/Libraries/Vibration"
  ReactCommon:
    :path: "../node_modules/react-native/ReactCommon"
  UMAppLoader:
    :path: "../../node_modules/unimodules-app-loader/ios"
  UMBarCodeScannerInterface:
    :path: "../../node_modules/react-native-unimodules/node_modules/unimodules-barcode-scanner-interface/ios"
  UMCameraInterface:
    :path: "../../node_modules/react-native-unimodules/node_modules/unimodules-camera-interface/ios"
  UMConstantsInterface:
    :path: "../../node_modules/react-native-unimodules/node_modules/unimodules-constants-interface/ios"
  UMCore:
    :path: "../../node_modules/react-native-unimodules/node_modules/@unimodules/core/ios"
  UMFaceDetectorInterface:
    :path: "../../node_modules/react-native-unimodules/node_modules/unimodules-face-detector-interface/ios"
  UMFileSystemInterface:
    :path: "../../node_modules/react-native-unimodules/node_modules/unimodules-file-system-interface/ios"
  UMFontInterface:
    :path: "../../node_modules/react-native-unimodules/node_modules/unimodules-font-interface/ios"
  UMImageLoaderInterface:
    :path: "../../node_modules/react-native-unimodules/node_modules/unimodules-image-loader-interface/ios"
  UMPermissionsInterface:
    :path: "../../node_modules/react-native-unimodules/node_modules/unimodules-permissions-interface/ios"
  UMReactNativeAdapter:
    :path: "../../node_modules/react-native-unimodules/node_modules/@unimodules/react-native-adapter/ios"
  UMSensorsInterface:
    :path: "../../node_modules/react-native-unimodules/node_modules/unimodules-sensors-interface/ios"
  UMTaskManagerInterface:
    :path: "../../node_modules/react-native-unimodules/node_modules/unimodules-task-manager-interface/ios"
  Yoga:
    :path: "../node_modules/react-native/ReactCommon/yoga"

SPEC CHECKSUMS:
  boost-for-react-native: 39c7adb57c4e60d6c5479dd8623128eb5b3f0f2c
  DoubleConversion: 5805e889d232975c086db112ece9ed034df7a0b2
  EXAppLoaderProvider: ebdb6bc2632c1ccadbe49f5e4104d8d690969c49
  EXConstants: 5304709b1bea70a4828f48ba4c7fc3ec3b2d9b17
  EXErrorRecovery: d36db99ec6a3808f313f01b0890eb443796dd1c2
  FBLazyVector: b99fd3b50d784f2db5ab6a68238723ebbfcc39b1
  FBReactNativeSpec: f2873e7605fd88b6232b5110054ab900a33067cb
  Folly: 30e7936e1c45c08d884aa59369ed951a8e68cf51
  glog: 1f3da668190260b06b429bb211bfbee5cd790c28
  RCTRequired: 00d6d5211f4734af8a1163c0585df1069e34429f
  RCTTypeSafety: 01520a51aa6cb03f1175a68432d37c572f12422d
  React: 37d04043310b9868a0b52b086720e879669d3838
  React-Core: 5e5867183c1b4c1f2299cdd5ca7706101b3ea640
  React-CoreModules: 2f840dba9cb0880e0fb9e0df1c94e86ee9f7eb1f
  React-cxxreact: 660350515dc0afe1e89f70488b64d9029f5dcc17
  React-jsi: 848400a13b591f1d2ca250578d2b5690631a63ac
  React-jsiexecutor: 682eb036c919668cc8bcb56168276ddc90aa711e
  React-jsinspector: 932c488cd73b32d23a50f0b61ba43d0fec34f314
  React-RCTActionSheet: 9e9496a7b0b90dd3292a2ccaa13cf9d30ae8f3fe
  React-RCTAnimation: 4cb3c452fdbfe5d545a783de6dc7caa0583b3fea
  React-RCTBlob: fe4966348e17659e92c9586a555d71807ecc6615
  React-RCTImage: 9fac49bb0df20f63134d896cf68497cf0ce5ccf9
  React-RCTLinking: 72ef0cb701191510b34dad85a3eda8638495ef9b
  React-RCTNetwork: 4ad6b1882b5899b760926f242fd974233dd07aca
  React-RCTSettings: 84ecc6c973516bf8e99df1c9cdcc975e393d3c7b
  React-RCTText: 66941556464f49a690cdcbed5b4cc3f2a0cf5171
  React-RCTVibration: a1f0345d827a87a33e087d1f5773654494425ec6
  ReactCommon: 55870918392a39971fce8f8ee6d66d5f8d540862
  UMAppLoader: 70387114be35df5f90cd1f172edfb7a2f150e65a
  UMBarCodeScannerInterface: 9dc692b87e5f20fe277fa57aa47f45d418c3cc6c
  UMCameraInterface: 625878bbf2ba188a8548675e1d1d2e438a653e6d
  UMConstantsInterface: 64060cf86587bcd90b1dbd804cceb6d377a308c1
  UMCore: d6117852f32c74cde466b863cfdeaa0960186249
  UMFaceDetectorInterface: d6677d6ddc9ab95a0ca857aa7f8ba76656cc770f
  UMFileSystemInterface: c70ea7147198b9807080f3597f26236be49b0165
  UMFontInterface: d9d3b27af698c5389ae9e20b99ef56a083f491fb
  UMImageLoaderInterface: 14dd2c46c67167491effc9e91250e9510f12709e
  UMPermissionsInterface: 5e83a9167c177e4a0f0a3539345983cc749efb3e
  UMReactNativeAdapter: 900e80a6cd83823870cf840f35081edb4043b014
  UMSensorsInterface: 48941f70175e2975af1a9386c6d6cb16d8126805
  UMTaskManagerInterface: cb890c79c63885504ddc0efd7a7d01481760aca2
  Yoga: 2a6a35d2c9c18c1e3db875b1f1ccfc2296b18a59

PODFILE CHECKSUM: c85f160292cf12a1d6c812644c406897388fe0db

COCOAPODS: 1.8.4
